
Microsoft Visual Studio Solution File, Format Version 12.00
# Visual Studio 2012
Project("{FAE04EC0-301F-11D3-BF4B-00C04F79EFBC}") = "UI", "Project\UI.csproj", "{B6C58CC8-D34D-4C1B-B012-A9CD3F301524}"
EndProject
Project("{FAE04EC0-301F-11D3-BF4B-00C04F79EFBC}") = "Domain", "Domain\Domain.csproj", "{C23A1FA4-1CD6-4567-876D-CA1B75A79390}"
EndProject
Project("{FAE04EC0-301F-11D3-BF4B-00C04F79EFBC}") = "Repository", "Repository\Repository.csproj", "{E2BCB9D0-6771-43A3-830F-E22A5258F244}"
EndProject
Project("{FAE04EC0-301F-11D3-BF4B-00C04F79EFBC}") = "BLL", "BLL\BLL.csproj", "{3343DE76-2596-4D1A-8782-2EA397945F28}"
EndProject
Global
	GlobalSection(SolutionConfigurationPlatforms) = preSolution
		Debug|Any CPU = Debug|Any CPU
		Release|Any CPU = Release|Any CPU
	EndGlobalSection
	GlobalSection(ProjectConfigurationPlatforms) = postSolution
		{B6C58CC8-D34D-4C1B-B012-A9CD3F301524}.Debug|Any CPU.ActiveCfg = Debug|Any CPU
		{B6C58CC8-D34D-4C1B-B012-A9CD3F301524}.Debug|Any CPU.Build.0 = Debug|Any CPU
		{B6C58CC8-D34D-4C1B-B012-A9CD3F301524}.Release|Any CPU.ActiveCfg = Release|Any CPU
		{B6C58CC8-D34D-4C1B-B012-A9CD3F301524}.Release|Any CPU.Build.0 = Release|Any CPU
		{C23A1FA4-1CD6-4567-876D-CA1B75A79390}.Debug|Any CPU.ActiveCfg = Debug|Any CPU
		{C23A1FA4-1CD6-4567-876D-CA1B75A79390}.Debug|Any CPU.Build.0 = Debug|Any CPU
		{C23A1FA4-1CD6-4567-876D-CA1B75A79390}.Release|Any CPU.ActiveCfg = Release|Any CPU
		{C23A1FA4-1CD6-4567-876D-CA1B75A79390}.Release|Any CPU.Build.0 = Release|Any CPU
		{E2BCB9D0-6771-43A3-830F-E22A5258F244}.Debug|Any CPU.ActiveCfg = Debug|Any CPU
		{E2BCB9D0-6771-43A3-830F-E22A5258F244}.Debug|Any CPU.Build.0 = Debug|Any CPU
		{E2BCB9D0-6771-43A3-830F-E22A5258F244}.Release|Any CPU.ActiveCfg = Release|Any CPU
		{E2BCB9D0-6771-43A3-830F-E22A5258F244}.Release|Any CPU.Build.0 = Release|Any CPU
		{3343DE76-2596-4D1A-8782-2EA397945F28}.Debug|Any CPU.ActiveCfg = Debug|Any CPU
		{3343DE76-2596-4D1A-8782-2EA397945F28}.Debug|Any CPU.Build.0 = Debug|Any CPU
		{3343DE76-2596-4D1A-8782-2EA397945F28}.Release|Any CPU.ActiveCfg = Release|Any CPU
		{3343DE76-2596-4D1A-8782-2EA397945F28}.Release|Any CPU.Build.0 = Release|Any CPU
	EndGlobalSection
	GlobalSection(SolutionProperties) = preSolution
		HideSolutionNode = FALSE
	EndGlobalSection
EndGlobal
